
Microsoft Visual Studio Solution File, Format Version 12.00
# Visual Studio Version 16
VisualStudioVersion = 16.0.28803.202
MinimumVisualStudioVersion = 10.0.40219.1
Project("{FAE04EC0-301F-11D3-BF4B-00C04F79EFBC}") = "blackhole", "blackhole\blackhole.csproj", "{7F2EADF5-3C27-4FCF-8759-926F32F80CB5}"
EndProject
Global
	GlobalSection(SolutionConfigurationPlatforms) = preSolution
		Debug|Any CPU = Debug|Any CPU
		Release|Any CPU = Release|Any CPU
	EndGlobalSection
	GlobalSection(ProjectConfigurationPlatforms) = postSolution
		{7F2EADF5-3C27-4FCF-8759-926F32F80CB5}.Debug|Any CPU.ActiveCfg = Debug|Any CPU
		{7F2EADF5-3C27-4FCF-8759-926F32F80CB5}.Debug|Any CPU.Build.0 = Debug|Any CPU
		{7F2EADF5-3C27-4FCF-8759-926F32F80CB5}.Release|Any CPU.ActiveCfg = Release|Any CPU
		{7F2EADF5-3C27-4FCF-8759-926F32F80CB5}.Release|Any CPU.Build.0 = Release|Any CPU
	EndGlobalSection
	GlobalSection(SolutionProperties) = preSolution
		HideSolutionNode = FALSE
	EndGlobalSection
	GlobalSection(ExtensibilityGlobals) = postSolution
		SolutionGuid = {13D4EBE0-47B0-4A80-B765-EFA96648CB82}
	EndGlobalSection
EndGlobal
